
Microsoft Visual Studio Solution File, Format Version 12.00
# Visual Studio Version 17
VisualStudioVersion = 17.0.31903.59
MinimumVisualStudioVersion = 10.0.40219.1
Project("{FAE04EC0-301F-11D3-BF4B-00C04F79EFBC}") = "LondonStock.Api", "LondonStock.Api\LondonStock.Api.csproj", "{7B13CF99-3A30-4381-90F5-37175707B972}"
EndProject
Project("{FAE04EC0-301F-11D3-BF4B-00C04F79EFBC}") = "LondonStock.Api.Tests", "LondonStock.Api.Tests\LondonStock.Api.Tests.csproj", "{F2220416-0580-4BDA-8D7A-A24C0F34EEFC}"
EndProject
Project("{FAE04EC0-301F-11D3-BF4B-00C04F79EFBC}") = "LondonStock.Data", "LondonStock.Data\LondonStock.Data.csproj", "{C94FAF2B-2F22-4F3F-AB7C-409E96A29C2A}"
EndProject
Global
	GlobalSection(SolutionConfigurationPlatforms) = preSolution
		Debug|Any CPU = Debug|Any CPU
		Release|Any CPU = Release|Any CPU
	EndGlobalSection
	GlobalSection(SolutionProperties) = preSolution
		HideSolutionNode = FALSE
	EndGlobalSection
	GlobalSection(ProjectConfigurationPlatforms) = postSolution
		{7B13CF99-3A30-4381-90F5-37175707B972}.Debug|Any CPU.ActiveCfg = Debug|Any CPU
		{7B13CF99-3A30-4381-90F5-37175707B972}.Debug|Any CPU.Build.0 = Debug|Any CPU
		{7B13CF99-3A30-4381-90F5-37175707B972}.Release|Any CPU.ActiveCfg = Release|Any CPU
		{7B13CF99-3A30-4381-90F5-37175707B972}.Release|Any CPU.Build.0 = Release|Any CPU
		{F2220416-0580-4BDA-8D7A-A24C0F34EEFC}.Debug|Any CPU.ActiveCfg = Debug|Any CPU
		{F2220416-0580-4BDA-8D7A-A24C0F34EEFC}.Debug|Any CPU.Build.0 = Debug|Any CPU
		{F2220416-0580-4BDA-8D7A-A24C0F34EEFC}.Release|Any CPU.ActiveCfg = Release|Any CPU
		{F2220416-0580-4BDA-8D7A-A24C0F34EEFC}.Release|Any CPU.Build.0 = Release|Any CPU
		{C94FAF2B-2F22-4F3F-AB7C-409E96A29C2A}.Debug|Any CPU.ActiveCfg = Debug|Any CPU
		{C94FAF2B-2F22-4F3F-AB7C-409E96A29C2A}.Debug|Any CPU.Build.0 = Debug|Any CPU
		{C94FAF2B-2F22-4F3F-AB7C-409E96A29C2A}.Release|Any CPU.ActiveCfg = Release|Any CPU
		{C94FAF2B-2F22-4F3F-AB7C-409E96A29C2A}.Release|Any CPU.Build.0 = Release|Any CPU
	EndGlobalSection
EndGlobal
